# This file is automatically generated by Cargo.
# It is not intended for manual editing.
version = 3

[[package]]
name = "anchor-lang"
version = "0.30.1"
source = "registry+https://github.com/rust-lang/crates.io-index"
checksum = "55fb12b598b0a94b5952d4310d7dfc949704ae71bf2c6aa58882ca1be46249a5"
dependencies = [
 "base64",
 "bincode",
 "borsh",
 "bytemuck",
 "solana-program",
 "thiserror",
]

[[package]]
name = "anchor-spl"
version = "0.30.1"
source = "registry+https://github.com/rust-lang/crates.io-index"
checksum = "944a99fc62cb1796d1152a5da5e656d0590a5015b6306e6bfd05ff4c3da11233"
dependencies = [
 "anchor-lang",
 "solana-program",
]

[[package]]
name = "anchor_security_program"
version = "0.1.0"
dependencies = [
 "anchor-lang",
 "anchor-spl",
 "anyhow",
 "chacha20",
 "rustls-pemfile",
 "solana-program",
 "solana-program-test",
 "solana-sdk",
 "spin",
 "thiserror",
]

[[package]]
name = "solana-sandbox-counter"
version = "0.1.0"
dependencies = [
 "anchor-lang",
 "anchor-spl",
 "anyhow",
 "chacha20",
 "rustls-pemfile",
 "solana-program",
 "spin",
 "thiserror",
]

[[package]]
name = "solana-program"
version = "1.18.26"
source = "registry+https://github.com/rust-lang/crates.io-index"
checksum = "c73f3246eb7678f5a621424b94f1fcbdfa069df8bca9a3e20e6f6a7bb4ff33a1"
dependencies = [
 "bincode",
 "borsh",
]

[[package]]
name = "thiserror"
version = "1.0.64"
source = "registry+https://github.com/rust-lang/crates.io-index"
checksum = "d50af8abc119fb8bb6dbabcfa89656f46f84aa0ac7688088608076ad2b459a84"

[[package]]
name = "anyhow"
version = "1.0.95"
source = "registry+https://github.com/rust-lang/crates.io-index"
checksum = "34acac824744343ea0493e563917823895acda2edffedd49e802cb12147a2a07"

[[package]]
name = "rustls-pemfile"
version = "2.2.0"
source = "registry+https://github.com/rust-lang/crates.io-index"
checksum = "d331a52863bc7004521ce65114c15096520e83f31716f64906795232ae742780"

[[package]]
name = "chacha20"
version = "0.9.1"
source = "registry+https://github.com/rust-lang/crates.io-index"
checksum = "c32d37715443cc4b3588ac8e7f3947474b4d861a785da336ec73271a3785e17c"

[[package]]
name = "spin"
version = "0.9.8"
source = "registry+https://github.com/rust-lang/crates.io-index"
checksum = "6980e8d7511241f8acf4aebddbb1ff938df5eebe98691418c4468d0b72a96a67"

[[package]]
name = "solana-program-test"
version = "1.18.26"
source = "registry+https://github.com/rust-lang/crates.io-index"
checksum = "a60395c809181163e5e4fa4414eb16eb2261ca6193ff432c668ec947dfb48a07"
dependencies = [
 "solana-program",
 "solana-sdk",
]

[[package]]
name = "solana-sdk"
version = "1.18.26"
source = "registry+https://github.com/rust-lang/crates.io-index"
checksum = "1c1f54be65e2ca7d7575dfba918155bb3a2082729a28b030438cf38c4146a782"
dependencies = [
 "solana-program",
]
