# This file is automatically @generated by Cargo.
version = 3

[[package]]
name = "anchor-lang"
version = "0.30.1"
dependencies = [
 "solana-program",
 "thiserror",
]

[[package]]
name = "anchor-spl"
version = "0.30.1"
dependencies = [
 "anchor-lang",
 "solana-program",
]

[[package]]
name = "rustls-pemfile"
version = "2.2.0"

[[package]]
name = "solana-program"
version = "1.18.26"
dependencies = [
 "thiserror",
]

[[package]]
name = "solana-sandbox-counter"
version = "0.1.0"
dependencies = [
 "anchor-lang",
 "anchor-spl",
 "solana-program",
 "thiserror",
]

[[package]]
name = "thiserror"
version = "1.0.64"
